
Microsoft Visual Studio Solution File, Format Version 12.00
# Visual Studio Version 16
VisualStudioVersion = 16.0.29215.179
MinimumVisualStudioVersion = 10.0.40219.1
Project("{9A19103F-16F7-4668-BE54-9A1E7A4F7556}") = "chucknorrisJokesconsole", "chucknorrisJokesconsole.csproj", "{3F21D8C2-DF2C-48D2-BC12-0FF0B433E7BF}"
EndProject
Project("{FAE04EC0-301F-11D3-BF4B-00C04F79EFBC}") = "ChckNorrisJokesLibrary", "..\ChckNorrisJokesLibrary\ChckNorrisJokesLibrary.csproj", "{832C223A-E0E1-4D0A-930B-CAC88229A841}"
EndProject
Global
	GlobalSection(SolutionConfigurationPlatforms) = preSolution
		Debug|Any CPU = Debug|Any CPU
		Release|Any CPU = Release|Any CPU
	EndGlobalSection
	GlobalSection(ProjectConfigurationPlatforms) = postSolution
		{3F21D8C2-DF2C-48D2-BC12-0FF0B433E7BF}.Debug|Any CPU.ActiveCfg = Debug|Any CPU
		{3F21D8C2-DF2C-48D2-BC12-0FF0B433E7BF}.Debug|Any CPU.Build.0 = Debug|Any CPU
		{3F21D8C2-DF2C-48D2-BC12-0FF0B433E7BF}.Release|Any CPU.ActiveCfg = Release|Any CPU
		{3F21D8C2-DF2C-48D2-BC12-0FF0B433E7BF}.Release|Any CPU.Build.0 = Release|Any CPU
		{832C223A-E0E1-4D0A-930B-CAC88229A841}.Debug|Any CPU.ActiveCfg = Debug|Any CPU
		{832C223A-E0E1-4D0A-930B-CAC88229A841}.Debug|Any CPU.Build.0 = Debug|Any CPU
		{832C223A-E0E1-4D0A-930B-CAC88229A841}.Release|Any CPU.ActiveCfg = Release|Any CPU
		{832C223A-E0E1-4D0A-930B-CAC88229A841}.Release|Any CPU.Build.0 = Release|Any CPU
	EndGlobalSection
	GlobalSection(SolutionProperties) = preSolution
		HideSolutionNode = FALSE
	EndGlobalSection
	GlobalSection(ExtensibilityGlobals) = postSolution
		SolutionGuid = {ACC5CF2B-F934-4B32-AA95-568A355E1629}
	EndGlobalSection
EndGlobal
